// !$*UTF8*$!
{
	archiveVersion = 1;
	classes = {
	};
	objectVersion = 55;
	objects = {

/* Begin PBXBuildFile section */
		2094ED2B29547151006B690D /* main.cpp in Sources */ = {isa = PBXBuildFile; fileRef = 2094ED2A29547151006B690D /* main.cpp */; };
		2094ED36295471AA006B690D /* algorithms.cpp in Sources */ = {isa = PBXBuildFile; fileRef = 2094ED34295471AA006B690D /* algorithms.cpp */; };
		2094ED39295471E7006B690D /* codewars.cpp in Sources */ = {isa = PBXBuildFile; fileRef = 2094ED37295471E7006B690D /* codewars.cpp */; };
		2094ED3C29547A2D006B690D /* arrays.cpp in Sources */ = {isa = PBXBuildFile; fileRef = 2094ED3A29547A2D006B690D /* arrays.cpp */; };
		20EE3576295B60D900E0B5E0 /* first-program.cpp in Sources */ = {isa = PBXBuildFile; fileRef = 20EE3574295B60D900E0B5E0 /* first-program.cpp */; };
/* End PBXBuildFile section */

/* Begin PBXCopyFilesBuildPhase section */
		2094ED2529547151006B690D /* CopyFiles */ = {
			isa = PBXCopyFilesBuildPhase;
			buildActionMask = 2147483647;
			dstPath = /usr/share/man/man1/;
			dstSubfolderSpec = 0;
			files = (
			);
			runOnlyForDeploymentPostprocessing = 1;
		};
/* End PBXCopyFilesBuildPhase section */

/* Begin PBXFileReference section */
		2094ED2729547151006B690D /* cpp-playground */ = {isa = PBXFileReference; explicitFileType = "compiled.mach-o.executable"; includeInIndex = 0; path = "cpp-playground"; sourceTree = BUILT_PRODUCTS_DIR; };
		2094ED2A29547151006B690D /* main.cpp */ = {isa = PBXFileReference; lastKnownFileType = sourcecode.cpp.cpp; path = main.cpp; sourceTree = "<group>"; };
		2094ED34295471AA006B690D /* algorithms.cpp */ = {isa = PBXFileReference; lastKnownFileType = sourcecode.cpp.cpp; path = algorithms.cpp; sourceTree = "<group>"; };
		2094ED35295471AA006B690D /* algorithms.hpp */ = {isa = PBXFileReference; lastKnownFileType = sourcecode.cpp.h; path = algorithms.hpp; sourceTree = "<group>"; };
		2094ED37295471E7006B690D /* codewars.cpp */ = {isa = PBXFileReference; lastKnownFileType = sourcecode.cpp.cpp; path = codewars.cpp; sourceTree = "<group>"; };
		2094ED38295471E7006B690D /* codewars.hpp */ = {isa = PBXFileReference; lastKnownFileType = sourcecode.cpp.h; path = codewars.hpp; sourceTree = "<group>"; };
		2094ED3A29547A2D006B690D /* arrays.cpp */ = {isa = PBXFileReference; lastKnownFileType = sourcecode.cpp.cpp; path = arrays.cpp; sourceTree = SOURCE_ROOT; };
		2094ED3B29547A2D006B690D /* arrays.hpp */ = {isa = PBXFileReference; lastKnownFileType = sourcecode.cpp.h; path = arrays.hpp; sourceTree = SOURCE_ROOT; };
		2094ED3E295489F4006B690D /* file1.txt */ = {isa = PBXFileReference; fileEncoding = 4; lastKnownFileType = text; path = file1.txt; sourceTree = "<group>"; };
		2094ED3F29548ACE006B690D /* array.txt */ = {isa = PBXFileReference; lastKnownFileType = text; path = array.txt; sourceTree = "<group>"; };
		20EE3574295B60D900E0B5E0 /* first-program.cpp */ = {isa = PBXFileReference; lastKnownFileType = sourcecode.cpp.cpp; name = "first-program.cpp"; path = "cpp-playground/first-program.cpp"; sourceTree = "<group>"; };
		20EE3575295B60D900E0B5E0 /* first-program.hpp */ = {isa = PBXFileReference; lastKnownFileType = sourcecode.cpp.h; name = "first-program.hpp"; path = "cpp-playground/first-program.hpp"; sourceTree = "<group>"; };
		20EE3577295DD63D00E0B5E0 /* energyStream.csv */ = {isa = PBXFileReference; fileEncoding = 4; lastKnownFileType = text; path = energyStream.csv; sourceTree = "<group>"; };
/* End PBXFileReference section */

/* Begin PBXFrameworksBuildPhase section */
		2094ED2429547151006B690D /* Frameworks */ = {
			isa = PBXFrameworksBuildPhase;
			buildActionMask = 2147483647;
			files = (
			);
			runOnlyForDeploymentPostprocessing = 0;
		};
/* End PBXFrameworksBuildPhase section */

/* Begin PBXGroup section */
		2094ED1E29547151006B690D = {
			isa = PBXGroup;
			children = (
				20EE3574295B60D900E0B5E0 /* first-program.cpp */,
				20EE3577295DD63D00E0B5E0 /* energyStream.csv */,
				20EE3575295B60D900E0B5E0 /* first-program.hpp */,
				2094ED3F29548ACE006B690D /* array.txt */,
				2094ED3E295489F4006B690D /* file1.txt */,
				2094ED2A29547151006B690D /* main.cpp */,
				2094ED2929547151006B690D /* cpp-playground */,
				2094ED2829547151006B690D /* Products */,
			);
			sourceTree = "<group>";
		};
		2094ED2829547151006B690D /* Products */ = {
			isa = PBXGroup;
			children = (
				2094ED2729547151006B690D /* cpp-playground */,
			);
			name = Products;
			sourceTree = "<group>";
		};
		2094ED2929547151006B690D /* cpp-playground */ = {
			isa = PBXGroup;
			children = (
				2094ED3A29547A2D006B690D /* arrays.cpp */,
				2094ED3B29547A2D006B690D /* arrays.hpp */,
				2094ED34295471AA006B690D /* algorithms.cpp */,
				2094ED37295471E7006B690D /* codewars.cpp */,
				2094ED38295471E7006B690D /* codewars.hpp */,
				2094ED35295471AA006B690D /* algorithms.hpp */,
			);
			path = "cpp-playground";
			sourceTree = "<group>";
		};
/* End PBXGroup section */

/* Begin PBXNativeTarget section */
		2094ED2629547151006B690D /* cpp-playground */ = {
			isa = PBXNativeTarget;
			buildConfigurationList = 2094ED2E29547151006B690D /* Build configuration list for PBXNativeTarget "cpp-playground" */;
			buildPhases = (
				2094ED2329547151006B690D /* Sources */,
				2094ED2429547151006B690D /* Frameworks */,
				2094ED2529547151006B690D /* CopyFiles */,
			);
			buildRules = (
			);
			dependencies = (
			);
			name = "cpp-playground";
			productName = "cpp-playground";
			productReference = 2094ED2729547151006B690D /* cpp-playground */;
			productType = "com.apple.product-type.tool";
		};
/* End PBXNativeTarget section */

/* Begin PBXProject section */
		2094ED1F29547151006B690D /* Project object */ = {
			isa = PBXProject;
			attributes = {
				BuildIndependentTargetsInParallel = 1;
				LastUpgradeCheck = 1340;
				TargetAttributes = {
					2094ED2629547151006B690D = {
						CreatedOnToolsVersion = 13.4.1;
					};
				};
			};
			buildConfigurationList = 2094ED2229547151006B690D /* Build configuration list for PBXProject "cpp-playground" */;
			compatibilityVersion = "Xcode 13.0";
			developmentRegion = en;
			hasScannedForEncodings = 0;
			knownRegions = (
				en,
				Base,
			);
			mainGroup = 2094ED1E29547151006B690D;
			productRefGroup = 2094ED2829547151006B690D /* Products */;
			projectDirPath = "";
			projectRoot = "";
			targets = (
				2094ED2629547151006B690D /* cpp-playground */,
			);
		};
/* End PBXProject section */

/* Begin PBXSourcesBuildPhase section */
		2094ED2329547151006B690D /* Sources */ = {
			isa = PBXSourcesBuildPhase;
			buildActionMask = 2147483647;
			files = (
				2094ED2B29547151006B690D /* main.cpp in Sources */,
				2094ED3C29547A2D006B690D /* arrays.cpp in Sources */,
				20EE3576295B60D900E0B5E0 /* first-program.cpp in Sources */,
				2094ED39295471E7006B690D /* codewars.cpp in Sources */,
				2094ED36295471AA006B690D /* algorithms.cpp in Sources */,
			);
			runOnlyForDeploymentPostprocessing = 0;
		};
/* End PBXSourcesBuildPhase section */

/* Begin XCBuildConfiguration section */
		2094ED2C29547151006B690D /* Debug */ = {
			isa = XCBuildConfiguration;
			buildSettings = {
				ALWAYS_SEARCH_USER_PATHS = NO;
				CLANG_ANALYZER_NONNULL = YES;
				CLANG_ANALYZER_NUMBER_OBJECT_CONVERSION = YES_AGGRESSIVE;
				CLANG_CXX_LANGUAGE_STANDARD = "gnu++17";
				CLANG_ENABLE_MODULES = YES;
				CLANG_ENABLE_OBJC_ARC = YES;
				CLANG_ENABLE_OBJC_WEAK = YES;
				CLANG_WARN_BLOCK_CAPTURE_AUTORELEASING = YES;
				CLANG_WARN_BOOL_CONVERSION = YES;
				CLANG_WARN_COMMA = YES;
				CLANG_WARN_CONSTANT_CONVERSION = YES;
				CLANG_WARN_DEPRECATED_OBJC_IMPLEMENTATIONS = YES;
				CLANG_WARN_DIRECT_OBJC_ISA_USAGE = YES_ERROR;
				CLANG_WARN_DOCUMENTATION_COMMENTS = YES;
				CLANG_WARN_EMPTY_BODY = YES;
				CLANG_WARN_ENUM_CONVERSION = YES;
				CLANG_WARN_INFINITE_RECURSION = YES;
				CLANG_WARN_INT_CONVERSION = YES;
				CLANG_WARN_NON_LITERAL_NULL_CONVERSION = YES;
				CLANG_WARN_OBJC_IMPLICIT_RETAIN_SELF = YES;
				CLANG_WARN_OBJC_LITERAL_CONVERSION = YES;
				CLANG_WARN_OBJC_ROOT_CLASS = YES_ERROR;
				CLANG_WARN_QUOTED_INCLUDE_IN_FRAMEWORK_HEADER = YES;
				CLANG_WARN_RANGE_LOOP_ANALYSIS = YES;
				CLANG_WARN_STRICT_PROTOTYPES = YES;
				CLANG_WARN_SUSPICIOUS_MOVE = YES;
				CLANG_WARN_UNGUARDED_AVAILABILITY = YES_AGGRESSIVE;
				CLANG_WARN_UNREACHABLE_CODE = YES;
				CLANG_WARN__DUPLICATE_METHOD_MATCH = YES;
				COPY_PHASE_STRIP = NO;
				DEBUG_INFORMATION_FORMAT = dwarf;
				ENABLE_STRICT_OBJC_MSGSEND = YES;
				ENABLE_TESTABILITY = YES;
				GCC_C_LANGUAGE_STANDARD = gnu11;
				GCC_DYNAMIC_NO_PIC = NO;
				GCC_NO_COMMON_BLOCKS = YES;
				GCC_OPTIMIZATION_LEVEL = 0;
				GCC_PREPROCESSOR_DEFINITIONS = (
					"DEBUG=1",
					"$(inherited)",
				);
				GCC_WARN_64_TO_32_BIT_CONVERSION = YES;
				GCC_WARN_ABOUT_RETURN_TYPE = YES_ERROR;
				GCC_WARN_UNDECLARED_SELECTOR = YES;
				GCC_WARN_UNINITIALIZED_AUTOS = YES_AGGRESSIVE;
				GCC_WARN_UNUSED_FUNCTION = YES;
				GCC_WARN_UNUSED_VARIABLE = YES;
				MACOSX_DEPLOYMENT_TARGET = 12.3;
				MTL_ENABLE_DEBUG_INFO = INCLUDE_SOURCE;
				MTL_FAST_MATH = YES;
				ONLY_ACTIVE_ARCH = YES;
				SDKROOT = macosx;
			};
			name = Debug;
		};
		2094ED2D29547151006B690D /* Release */ = {
			isa = XCBuildConfiguration;
			buildSettings = {
				ALWAYS_SEARCH_USER_PATHS = NO;
				CLANG_ANALYZER_NONNULL = YES;
				CLANG_ANALYZER_NUMBER_OBJECT_CONVERSION = YES_AGGRESSIVE;
				CLANG_CXX_LANGUAGE_STANDARD = "gnu++17";
				CLANG_ENABLE_MODULES = YES;
				CLANG_ENABLE_OBJC_ARC = YES;
				CLANG_ENABLE_OBJC_WEAK = YES;
				CLANG_WARN_BLOCK_CAPTURE_AUTORELEASING = YES;
				CLANG_WARN_BOOL_CONVERSION = YES;
				CLANG_WARN_COMMA = YES;
				CLANG_WARN_CONSTANT_CONVERSION = YES;
				CLANG_WARN_DEPRECATED_OBJC_IMPLEMENTATIONS = YES;
				CLANG_WARN_DIRECT_OBJC_ISA_USAGE = YES_ERROR;
				CLANG_WARN_DOCUMENTATION_COMMENTS = YES;
				CLANG_WARN_EMPTY_BODY = YES;
				CLANG_WARN_ENUM_CONVERSION = YES;
				CLANG_WARN_INFINITE_RECURSION = YES;
				CLANG_WARN_INT_CONVERSION = YES;
				CLANG_WARN_NON_LITERAL_NULL_CONVERSION = YES;
				CLANG_WARN_OBJC_IMPLICIT_RETAIN_SELF = YES;
				CLANG_WARN_OBJC_LITERAL_CONVERSION = YES;
				CLANG_WARN_OBJC_ROOT_CLASS = YES_ERROR;
				CLANG_WARN_QUOTED_INCLUDE_IN_FRAMEWORK_HEADER = YES;
				CLANG_WARN_RANGE_LOOP_ANALYSIS = YES;
				CLANG_WARN_STRICT_PROTOTYPES = YES;
				CLANG_WARN_SUSPICIOUS_MOVE = YES;
				CLANG_WARN_UNGUARDED_AVAILABILITY = YES_AGGRESSIVE;
				CLANG_WARN_UNREACHABLE_CODE = YES;
				CLANG_WARN__DUPLICATE_METHOD_MATCH = YES;
				COPY_PHASE_STRIP = NO;
				DEBUG_INFORMATION_FORMAT = "dwarf-with-dsym";
				ENABLE_NS_ASSERTIONS = NO;
				ENABLE_STRICT_OBJC_MSGSEND = YES;
				GCC_C_LANGUAGE_STANDARD = gnu11;
				GCC_NO_COMMON_BLOCKS = YES;
				GCC_WARN_64_TO_32_BIT_CONVERSION = YES;
				GCC_WARN_ABOUT_RETURN_TYPE = YES_ERROR;
				GCC_WARN_UNDECLARED_SELECTOR = YES;
				GCC_WARN_UNINITIALIZED_AUTOS = YES_AGGRESSIVE;
				GCC_WARN_UNUSED_FUNCTION = YES;
				GCC_WARN_UNUSED_VARIABLE = YES;
				MACOSX_DEPLOYMENT_TARGET = 12.3;
				MTL_ENABLE_DEBUG_INFO = NO;
				MTL_FAST_MATH = YES;
				SDKROOT = macosx;
			};
			name = Release;
		};
		2094ED2F29547151006B690D /* Debug */ = {
			isa = XCBuildConfiguration;
			buildSettings = {
				CODE_SIGN_STYLE = Automatic;
				DEVELOPMENT_TEAM = CSLCP9KDUS;
				ENABLE_HARDENED_RUNTIME = YES;
				PRODUCT_NAME = "$(TARGET_NAME)";
			};
			name = Debug;
		};
		2094ED3029547151006B690D /* Release */ = {
			isa = XCBuildConfiguration;
			buildSettings = {
				CODE_SIGN_STYLE = Automatic;
				DEVELOPMENT_TEAM = CSLCP9KDUS;
				ENABLE_HARDENED_RUNTIME = YES;
				PRODUCT_NAME = "$(TARGET_NAME)";
			};
			name = Release;
		};
/* End XCBuildConfiguration section */

/* Begin XCConfigurationList section */
		2094ED2229547151006B690D /* Build configuration list for PBXProject "cpp-playground" */ = {
			isa = XCConfigurationList;
			buildConfigurations = (
				2094ED2C29547151006B690D /* Debug */,
				2094ED2D29547151006B690D /* Release */,
			);
			defaultConfigurationIsVisible = 0;
			defaultConfigurationName = Release;
		};
		2094ED2E29547151006B690D /* Build configuration list for PBXNativeTarget "cpp-playground" */ = {
			isa = XCConfigurationList;
			buildConfigurations = (
				2094ED2F29547151006B690D /* Debug */,
				2094ED3029547151006B690D /* Release */,
			);
			defaultConfigurationIsVisible = 0;
			defaultConfigurationName = Release;
		};
/* End XCConfigurationList section */
	};
	rootObject = 2094ED1F29547151006B690D /* Project object */;
}
